
Microsoft Visual Studio Solution File, Format Version 12.00
# Visual Studio 15
VisualStudioVersion = 15.0.28307.705
MinimumVisualStudioVersion = 10.0.40219.1
Project("{FAE04EC0-301F-11D3-BF4B-00C04F79EFBC}") = "ThreadPool", "ThreadPool\ThreadPool.csproj", "{8CBDBDCC-F565-4171-91E7-49529D14594F}"
EndProject
Project("{FAE04EC0-301F-11D3-BF4B-00C04F79EFBC}") = "TaskParallelLibrary", "TaskParallelLibrary\TaskParallelLibrary.csproj", "{7CFCDD12-9DC1-470A-AE28-D98102328908}"
EndProject
Global
	GlobalSection(SolutionConfigurationPlatforms) = preSolution
		Debug|Any CPU = Debug|Any CPU
		Release|Any CPU = Release|Any CPU
	EndGlobalSection
	GlobalSection(ProjectConfigurationPlatforms) = postSolution
		{8CBDBDCC-F565-4171-91E7-49529D14594F}.Debug|Any CPU.ActiveCfg = Debug|Any CPU
		{8CBDBDCC-F565-4171-91E7-49529D14594F}.Debug|Any CPU.Build.0 = Debug|Any CPU
		{8CBDBDCC-F565-4171-91E7-49529D14594F}.Release|Any CPU.ActiveCfg = Release|Any CPU
		{8CBDBDCC-F565-4171-91E7-49529D14594F}.Release|Any CPU.Build.0 = Release|Any CPU
		{7CFCDD12-9DC1-470A-AE28-D98102328908}.Debug|Any CPU.ActiveCfg = Debug|Any CPU
		{7CFCDD12-9DC1-470A-AE28-D98102328908}.Debug|Any CPU.Build.0 = Debug|Any CPU
		{7CFCDD12-9DC1-470A-AE28-D98102328908}.Release|Any CPU.ActiveCfg = Release|Any CPU
		{7CFCDD12-9DC1-470A-AE28-D98102328908}.Release|Any CPU.Build.0 = Release|Any CPU
	EndGlobalSection
	GlobalSection(SolutionProperties) = preSolution
		HideSolutionNode = FALSE
	EndGlobalSection
	GlobalSection(ExtensibilityGlobals) = postSolution
		SolutionGuid = {3EE69329-1C35-4A1B-8403-255483BAB240}
	EndGlobalSection
EndGlobal
